
Microsoft Visual Studio Solution File, Format Version 12.00
# Visual Studio Version 16
VisualStudioVersion = 16.0.31313.79
MinimumVisualStudioVersion = 10.0.40219.1
Project("{FAE04EC0-301F-11D3-BF4B-00C04F79EFBC}") = "AgentsCustomersOrders", "AgentsCustomersOrders\AgentsCustomersOrders.csproj", "{9552F94E-594F-46CE-A9A5-6A97ADEA781D}"
EndProject
Global
	GlobalSection(SolutionConfigurationPlatforms) = preSolution
		Debug|Any CPU = Debug|Any CPU
		Release|Any CPU = Release|Any CPU
	EndGlobalSection
	GlobalSection(ProjectConfigurationPlatforms) = postSolution
		{9552F94E-594F-46CE-A9A5-6A97ADEA781D}.Debug|Any CPU.ActiveCfg = Debug|Any CPU
		{9552F94E-594F-46CE-A9A5-6A97ADEA781D}.Debug|Any CPU.Build.0 = Debug|Any CPU
		{9552F94E-594F-46CE-A9A5-6A97ADEA781D}.Release|Any CPU.ActiveCfg = Release|Any CPU
		{9552F94E-594F-46CE-A9A5-6A97ADEA781D}.Release|Any CPU.Build.0 = Release|Any CPU
	EndGlobalSection
	GlobalSection(SolutionProperties) = preSolution
		HideSolutionNode = FALSE
	EndGlobalSection
	GlobalSection(ExtensibilityGlobals) = postSolution
		SolutionGuid = {3AA475A3-A481-4644-8EBD-161B19294819}
	EndGlobalSection
EndGlobal
